
Microsoft Visual Studio Solution File, Format Version 12.00
# Visual Studio Version 16
VisualStudioVersion = 16.0.29209.152
MinimumVisualStudioVersion = 15.0.26124.0
Project("{2150E333-8FDC-42A3-9474-1A3956D46DE8}") = "globals", "globals", "{4990E1B2-72EC-4795-A664-A8FD57FA6836}"
	ProjectSection(SolutionItems) = preProject
		.gitignore = .gitignore
		LICENSE = LICENSE
	EndProjectSection
EndProject
Project("{2150E333-8FDC-42A3-9474-1A3956D46DE8}") = "src", "src", "{C8A7330E-5510-48ED-BD57-2A83231F060C}"
EndProject
Project("{FAE04EC0-301F-11D3-BF4B-00C04F79EFBC}") = "BrunoZell.Enumerizer", "src\BrunoZell.Enumerizer\BrunoZell.Enumerizer.csproj", "{3620229E-2A41-400F-ADCF-7B96004D8909}"
EndProject
Project("{2150E333-8FDC-42A3-9474-1A3956D46DE8}") = "test", "test", "{BF219875-0EDB-4F74-A136-8E8694C15085}"
EndProject
Project("{FAE04EC0-301F-11D3-BF4B-00C04F79EFBC}") = "BrunoZell.Enumerizer.Tests", "test\BrunoZell.Enumerizer.Tests\BrunoZell.Enumerizer.Tests.csproj", "{C4ECA28C-6124-4B88-80A7-8B6FB01C3FD9}"
EndProject
Global
	GlobalSection(SolutionConfigurationPlatforms) = preSolution
		Debug|Any CPU = Debug|Any CPU
		Debug|x64 = Debug|x64
		Debug|x86 = Debug|x86
		Release|Any CPU = Release|Any CPU
		Release|x64 = Release|x64
		Release|x86 = Release|x86
	EndGlobalSection
	GlobalSection(ProjectConfigurationPlatforms) = postSolution
		{3620229E-2A41-400F-ADCF-7B96004D8909}.Debug|Any CPU.ActiveCfg = Debug|Any CPU
		{3620229E-2A41-400F-ADCF-7B96004D8909}.Debug|Any CPU.Build.0 = Debug|Any CPU
		{3620229E-2A41-400F-ADCF-7B96004D8909}.Debug|x64.ActiveCfg = Debug|Any CPU
		{3620229E-2A41-400F-ADCF-7B96004D8909}.Debug|x64.Build.0 = Debug|Any CPU
		{3620229E-2A41-400F-ADCF-7B96004D8909}.Debug|x86.ActiveCfg = Debug|Any CPU
		{3620229E-2A41-400F-ADCF-7B96004D8909}.Debug|x86.Build.0 = Debug|Any CPU
		{3620229E-2A41-400F-ADCF-7B96004D8909}.Release|Any CPU.ActiveCfg = Release|Any CPU
		{3620229E-2A41-400F-ADCF-7B96004D8909}.Release|Any CPU.Build.0 = Release|Any CPU
		{3620229E-2A41-400F-ADCF-7B96004D8909}.Release|x64.ActiveCfg = Release|Any CPU
		{3620229E-2A41-400F-ADCF-7B96004D8909}.Release|x64.Build.0 = Release|Any CPU
		{3620229E-2A41-400F-ADCF-7B96004D8909}.Release|x86.ActiveCfg = Release|Any CPU
		{3620229E-2A41-400F-ADCF-7B96004D8909}.Release|x86.Build.0 = Release|Any CPU
		{C4ECA28C-6124-4B88-80A7-8B6FB01C3FD9}.Debug|Any CPU.ActiveCfg = Debug|Any CPU
		{C4ECA28C-6124-4B88-80A7-8B6FB01C3FD9}.Debug|Any CPU.Build.0 = Debug|Any CPU
		{C4ECA28C-6124-4B88-80A7-8B6FB01C3FD9}.Debug|x64.ActiveCfg = Debug|Any CPU
		{C4ECA28C-6124-4B88-80A7-8B6FB01C3FD9}.Debug|x64.Build.0 = Debug|Any CPU
		{C4ECA28C-6124-4B88-80A7-8B6FB01C3FD9}.Debug|x86.ActiveCfg = Debug|Any CPU
		{C4ECA28C-6124-4B88-80A7-8B6FB01C3FD9}.Debug|x86.Build.0 = Debug|Any CPU
		{C4ECA28C-6124-4B88-80A7-8B6FB01C3FD9}.Release|Any CPU.ActiveCfg = Release|Any CPU
		{C4ECA28C-6124-4B88-80A7-8B6FB01C3FD9}.Release|Any CPU.Build.0 = Release|Any CPU
		{C4ECA28C-6124-4B88-80A7-8B6FB01C3FD9}.Release|x64.ActiveCfg = Release|Any CPU
		{C4ECA28C-6124-4B88-80A7-8B6FB01C3FD9}.Release|x64.Build.0 = Release|Any CPU
		{C4ECA28C-6124-4B88-80A7-8B6FB01C3FD9}.Release|x86.ActiveCfg = Release|Any CPU
		{C4ECA28C-6124-4B88-80A7-8B6FB01C3FD9}.Release|x86.Build.0 = Release|Any CPU
	EndGlobalSection
	GlobalSection(SolutionProperties) = preSolution
		HideSolutionNode = FALSE
	EndGlobalSection
	GlobalSection(NestedProjects) = preSolution
		{3620229E-2A41-400F-ADCF-7B96004D8909} = {C8A7330E-5510-48ED-BD57-2A83231F060C}
		{C4ECA28C-6124-4B88-80A7-8B6FB01C3FD9} = {BF219875-0EDB-4F74-A136-8E8694C15085}
	EndGlobalSection
	GlobalSection(ExtensibilityGlobals) = postSolution
		SolutionGuid = {51D111E7-7B4D-465D-BBE1-06F33D6A61BC}
	EndGlobalSection
EndGlobal
